
Microsoft Visual Studio Solution File, Format Version 12.00
# Visual Studio Version 17
VisualStudioVersion = 17.3.32929.385
MinimumVisualStudioVersion = 10.0.40219.1
Project("{FAE04EC0-301F-11D3-BF4B-00C04F79EFBC}") = "Template", "Template\Template.csproj", "{6347242D-A565-4329-B387-FEFDD4C05C71}"
EndProject
Global
	GlobalSection(SolutionConfigurationPlatforms) = preSolution
		Debug|Any CPU = Debug|Any CPU
		Release|Any CPU = Release|Any CPU
	EndGlobalSection
	GlobalSection(ProjectConfigurationPlatforms) = postSolution
		{6347242D-A565-4329-B387-FEFDD4C05C71}.Debug|Any CPU.ActiveCfg = Debug|Any CPU
		{6347242D-A565-4329-B387-FEFDD4C05C71}.Debug|Any CPU.Build.0 = Debug|Any CPU
		{6347242D-A565-4329-B387-FEFDD4C05C71}.Release|Any CPU.ActiveCfg = Release|Any CPU
		{6347242D-A565-4329-B387-FEFDD4C05C71}.Release|Any CPU.Build.0 = Release|Any CPU
	EndGlobalSection
	GlobalSection(SolutionProperties) = preSolution
		HideSolutionNode = FALSE
	EndGlobalSection
	GlobalSection(ExtensibilityGlobals) = postSolution
		SolutionGuid = {11722A76-96F1-45C2-ABD0-34F712AFA152}
	EndGlobalSection
EndGlobal
